
Microsoft Visual Studio Solution File, Format Version 12.00
# Visual Studio Version 17
VisualStudioVersion = 17.0.31903.59
MinimumVisualStudioVersion = 10.0.40219.1
Project("{2150E333-8FDC-42A3-9474-1A3956D46DE8}") = "src", "src", "{827E0CD3-B72D-47B6-A68D-7590B98EB39B}"
EndProject
Project("{FAE04EC0-301F-11D3-BF4B-00C04F79EFBC}") = "DtPipe", "src\DtPipe\DtPipe.csproj", "{B3C0E49B-3E48-4B0B-964F-924A9BB8CB62}"
EndProject
Project("{2150E333-8FDC-42A3-9474-1A3956D46DE8}") = "tests", "tests", "{0AB3BF05-4346-4AA6-1389-037BE0695223}"
EndProject
Project("{FAE04EC0-301F-11D3-BF4B-00C04F79EFBC}") = "DtPipe.Tests", "tests\DtPipe.Tests\DtPipe.Tests.csproj", "{71E1E656-CBEF-4684-B44C-3B4D301F4C54}"
EndProject
Project("{FAE04EC0-301F-11D3-BF4B-00C04F79EFBC}") = "DtPipe.Benchmarks", "tests\DtPipe.Benchmarks\DtPipe.Benchmarks.csproj", "{DF11CD10-8632-4320-8A38-9EC5E89C00F3}"
EndProject
Project("{2150E333-8FDC-42A3-9474-1A3956D46DE8}") = "lib", "lib", "{3A8DF596-E814-FECC-DD4B-D8EF8AAC1A0D}"
EndProject
Project("{FAE04EC0-301F-11D3-BF4B-00C04F79EFBC}") = "DtPipe.Core", "src\DtPipe.Core\DtPipe.Core.csproj", "{E23503A6-267F-474F-BC96-346B2A89A689}"
EndProject
Project("{FAE04EC0-301F-11D3-BF4B-00C04F79EFBC}") = "DtPipe.Adapters", "src\DtPipe.Adapters\DtPipe.Adapters.csproj", "{D4D0F094-60B7-40FE-AE6C-8300CC4057A2}"
EndProject
Global
	GlobalSection(SolutionConfigurationPlatforms) = preSolution
		Debug|Any CPU = Debug|Any CPU
		Debug|x64 = Debug|x64
		Debug|x86 = Debug|x86
		Release|Any CPU = Release|Any CPU
		Release|x64 = Release|x64
		Release|x86 = Release|x86
	EndGlobalSection
	GlobalSection(ProjectConfigurationPlatforms) = postSolution
		{B3C0E49B-3E48-4B0B-964F-924A9BB8CB62}.Debug|Any CPU.ActiveCfg = Debug|Any CPU
		{B3C0E49B-3E48-4B0B-964F-924A9BB8CB62}.Debug|Any CPU.Build.0 = Debug|Any CPU
		{B3C0E49B-3E48-4B0B-964F-924A9BB8CB62}.Debug|x64.ActiveCfg = Debug|Any CPU
		{B3C0E49B-3E48-4B0B-964F-924A9BB8CB62}.Debug|x64.Build.0 = Debug|Any CPU
		{B3C0E49B-3E48-4B0B-964F-924A9BB8CB62}.Debug|x86.ActiveCfg = Debug|Any CPU
		{B3C0E49B-3E48-4B0B-964F-924A9BB8CB62}.Debug|x86.Build.0 = Debug|Any CPU
		{B3C0E49B-3E48-4B0B-964F-924A9BB8CB62}.Release|Any CPU.ActiveCfg = Release|Any CPU
		{B3C0E49B-3E48-4B0B-964F-924A9BB8CB62}.Release|Any CPU.Build.0 = Release|Any CPU
		{B3C0E49B-3E48-4B0B-964F-924A9BB8CB62}.Release|x64.ActiveCfg = Release|Any CPU
		{B3C0E49B-3E48-4B0B-964F-924A9BB8CB62}.Release|x64.Build.0 = Release|Any CPU
		{B3C0E49B-3E48-4B0B-964F-924A9BB8CB62}.Release|x86.ActiveCfg = Release|Any CPU
		{B3C0E49B-3E48-4B0B-964F-924A9BB8CB62}.Release|x86.Build.0 = Release|Any CPU
		{71E1E656-CBEF-4684-B44C-3B4D301F4C54}.Debug|Any CPU.ActiveCfg = Debug|Any CPU
		{71E1E656-CBEF-4684-B44C-3B4D301F4C54}.Debug|Any CPU.Build.0 = Debug|Any CPU
		{71E1E656-CBEF-4684-B44C-3B4D301F4C54}.Debug|x64.ActiveCfg = Debug|Any CPU
		{71E1E656-CBEF-4684-B44C-3B4D301F4C54}.Debug|x64.Build.0 = Debug|Any CPU
		{71E1E656-CBEF-4684-B44C-3B4D301F4C54}.Debug|x86.ActiveCfg = Debug|Any CPU
		{71E1E656-CBEF-4684-B44C-3B4D301F4C54}.Debug|x86.Build.0 = Debug|Any CPU
		{71E1E656-CBEF-4684-B44C-3B4D301F4C54}.Release|Any CPU.ActiveCfg = Release|Any CPU
		{71E1E656-CBEF-4684-B44C-3B4D301F4C54}.Release|Any CPU.Build.0 = Release|Any CPU
		{71E1E656-CBEF-4684-B44C-3B4D301F4C54}.Release|x64.ActiveCfg = Release|Any CPU
		{71E1E656-CBEF-4684-B44C-3B4D301F4C54}.Release|x64.Build.0 = Release|Any CPU
		{71E1E656-CBEF-4684-B44C-3B4D301F4C54}.Release|x86.ActiveCfg = Release|Any CPU
		{71E1E656-CBEF-4684-B44C-3B4D301F4C54}.Release|x86.Build.0 = Release|Any CPU
		{DF11CD10-8632-4320-8A38-9EC5E89C00F3}.Debug|Any CPU.ActiveCfg = Debug|Any CPU
		{DF11CD10-8632-4320-8A38-9EC5E89C00F3}.Debug|Any CPU.Build.0 = Debug|Any CPU
		{DF11CD10-8632-4320-8A38-9EC5E89C00F3}.Debug|x64.ActiveCfg = Debug|Any CPU
		{DF11CD10-8632-4320-8A38-9EC5E89C00F3}.Debug|x64.Build.0 = Debug|Any CPU
		{DF11CD10-8632-4320-8A38-9EC5E89C00F3}.Debug|x86.ActiveCfg = Debug|Any CPU
		{DF11CD10-8632-4320-8A38-9EC5E89C00F3}.Debug|x86.Build.0 = Debug|Any CPU
		{DF11CD10-8632-4320-8A38-9EC5E89C00F3}.Release|Any CPU.ActiveCfg = Release|Any CPU
		{DF11CD10-8632-4320-8A38-9EC5E89C00F3}.Release|Any CPU.Build.0 = Release|Any CPU
		{DF11CD10-8632-4320-8A38-9EC5E89C00F3}.Release|x64.ActiveCfg = Release|Any CPU
		{DF11CD10-8632-4320-8A38-9EC5E89C00F3}.Release|x64.Build.0 = Release|Any CPU
		{DF11CD10-8632-4320-8A38-9EC5E89C00F3}.Release|x86.ActiveCfg = Release|Any CPU
		{DF11CD10-8632-4320-8A38-9EC5E89C00F3}.Release|x86.Build.0 = Release|Any CPU
		{E23503A6-267F-474F-BC96-346B2A89A689}.Debug|Any CPU.ActiveCfg = Debug|Any CPU
		{E23503A6-267F-474F-BC96-346B2A89A689}.Debug|Any CPU.Build.0 = Debug|Any CPU
		{E23503A6-267F-474F-BC96-346B2A89A689}.Debug|x64.ActiveCfg = Debug|Any CPU
		{E23503A6-267F-474F-BC96-346B2A89A689}.Debug|x64.Build.0 = Debug|Any CPU
		{E23503A6-267F-474F-BC96-346B2A89A689}.Debug|x86.ActiveCfg = Debug|Any CPU
		{E23503A6-267F-474F-BC96-346B2A89A689}.Debug|x86.Build.0 = Debug|Any CPU
		{E23503A6-267F-474F-BC96-346B2A89A689}.Release|Any CPU.ActiveCfg = Release|Any CPU
		{E23503A6-267F-474F-BC96-346B2A89A689}.Release|Any CPU.Build.0 = Release|Any CPU
		{E23503A6-267F-474F-BC96-346B2A89A689}.Release|x64.ActiveCfg = Release|Any CPU
		{E23503A6-267F-474F-BC96-346B2A89A689}.Release|x64.Build.0 = Release|Any CPU
		{E23503A6-267F-474F-BC96-346B2A89A689}.Release|x86.ActiveCfg = Release|Any CPU
		{E23503A6-267F-474F-BC96-346B2A89A689}.Release|x86.Build.0 = Release|Any CPU
		{D4D0F094-60B7-40FE-AE6C-8300CC4057A2}.Debug|Any CPU.ActiveCfg = Debug|Any CPU
		{D4D0F094-60B7-40FE-AE6C-8300CC4057A2}.Debug|Any CPU.Build.0 = Debug|Any CPU
		{D4D0F094-60B7-40FE-AE6C-8300CC4057A2}.Debug|x64.ActiveCfg = Debug|Any CPU
		{D4D0F094-60B7-40FE-AE6C-8300CC4057A2}.Debug|x64.Build.0 = Debug|Any CPU
		{D4D0F094-60B7-40FE-AE6C-8300CC4057A2}.Debug|x86.ActiveCfg = Debug|Any CPU
		{D4D0F094-60B7-40FE-AE6C-8300CC4057A2}.Debug|x86.Build.0 = Debug|Any CPU
		{D4D0F094-60B7-40FE-AE6C-8300CC4057A2}.Release|Any CPU.ActiveCfg = Release|Any CPU
		{D4D0F094-60B7-40FE-AE6C-8300CC4057A2}.Release|Any CPU.Build.0 = Release|Any CPU
		{D4D0F094-60B7-40FE-AE6C-8300CC4057A2}.Release|x64.ActiveCfg = Release|Any CPU
		{D4D0F094-60B7-40FE-AE6C-8300CC4057A2}.Release|x64.Build.0 = Release|Any CPU
		{D4D0F094-60B7-40FE-AE6C-8300CC4057A2}.Release|x86.ActiveCfg = Release|Any CPU
		{D4D0F094-60B7-40FE-AE6C-8300CC4057A2}.Release|x86.Build.0 = Release|Any CPU
	EndGlobalSection
	GlobalSection(SolutionProperties) = preSolution
		HideSolutionNode = FALSE
	EndGlobalSection
	GlobalSection(NestedProjects) = preSolution
		{B3C0E49B-3E48-4B0B-964F-924A9BB8CB62} = {827E0CD3-B72D-47B6-A68D-7590B98EB39B}
		{71E1E656-CBEF-4684-B44C-3B4D301F4C54} = {0AB3BF05-4346-4AA6-1389-037BE0695223}
		{DF11CD10-8632-4320-8A38-9EC5E89C00F3} = {0AB3BF05-4346-4AA6-1389-037BE0695223}
		{E23503A6-267F-474F-BC96-346B2A89A689} = {3A8DF596-E814-FECC-DD4B-D8EF8AAC1A0D}
		{D4D0F094-60B7-40FE-AE6C-8300CC4057A2} = {3A8DF596-E814-FECC-DD4B-D8EF8AAC1A0D}
	EndGlobalSection
EndGlobal
